// !$*UTF8*$!
{
	archiveVersion = 1;
	classes = {
	};
	objectVersion = 56;
	objects = {

/* Begin PBXBuildFile section */
		87069EF32C4EF19700F403DA /* ProfilePageView.swift in Sources */ = {isa = PBXBuildFile; fileRef = 87069EF22C4EF19700F403DA /* ProfilePageView.swift */; };
		87069EF52C4EF28100F403DA /* ProfilePageViewModel.swift in Sources */ = {isa = PBXBuildFile; fileRef = 87069EF42C4EF28100F403DA /* ProfilePageViewModel.swift */; };
		87069EF72C4EF37400F403DA /* UserDetails.swift in Sources */ = {isa = PBXBuildFile; fileRef = 87069EF62C4EF37400F403DA /* UserDetails.swift */; };
		87069EF92C4F225600F403DA /* LoaderView.swift in Sources */ = {isa = PBXBuildFile; fileRef = 87069EF82C4F225600F403DA /* LoaderView.swift */; };
		8707C4DA2C4DCCB4009AA794 /* CreateList.swift in Sources */ = {isa = PBXBuildFile; fileRef = 8707C4D92C4DCCB4009AA794 /* CreateList.swift */; };
		8707C4DC2C4DD863009AA794 /* BoolResult.swift in Sources */ = {isa = PBXBuildFile; fileRef = 8707C4DB2C4DD863009AA794 /* BoolResult.swift */; };
		871C851F2C332FDE00F20612 /* AppDelegate.swift in Sources */ = {isa = PBXBuildFile; fileRef = 871C851E2C332FDE00F20612 /* AppDelegate.swift */; };
		871C85212C332FDE00F20612 /* SceneDelegate.swift in Sources */ = {isa = PBXBuildFile; fileRef = 871C85202C332FDE00F20612 /* SceneDelegate.swift */; };
		871C85232C332FDE00F20612 /* ExplorePageViewController.swift in Sources */ = {isa = PBXBuildFile; fileRef = 871C85222C332FDE00F20612 /* ExplorePageViewController.swift */; };
		871C85282C332FE000F20612 /* Assets.xcassets in Resources */ = {isa = PBXBuildFile; fileRef = 871C85272C332FE000F20612 /* Assets.xcassets */; };
		871C852B2C332FE000F20612 /* Base in Resources */ = {isa = PBXBuildFile; fileRef = 871C852A2C332FE000F20612 /* Base */; };
		8721055A2C4F4A250000C574 /* NavigationInformationStackViewModel.swift in Sources */ = {isa = PBXBuildFile; fileRef = 872105592C4F4A250000C574 /* NavigationInformationStackViewModel.swift */; };
		8721055D2C4F5D8D0000C574 /* CompleteTrail.swift in Sources */ = {isa = PBXBuildFile; fileRef = 8721055C2C4F5D8D0000C574 /* CompleteTrail.swift */; };
		8721055F2C4FE2C80000C574 /* TrailDetails.swift in Sources */ = {isa = PBXBuildFile; fileRef = 8721055E2C4FE2C80000C574 /* TrailDetails.swift */; };
		872105612C50133A0000C574 /* TrailShownViewModel.swift in Sources */ = {isa = PBXBuildFile; fileRef = 872105602C50133A0000C574 /* TrailShownViewModel.swift */; };
		876A7A6F2C3434A30022B85E /* EndPointCreator.swift in Sources */ = {isa = PBXBuildFile; fileRef = 876A7A6E2C3434A30022B85E /* EndPointCreator.swift */; };
		876A7A722C3448250022B85E /* NetworkingService in Frameworks */ = {isa = PBXBuildFile; productRef = 876A7A712C3448250022B85E /* NetworkingService */; };
		876A7A772C3468120022B85E /* MapboxCoreNavigation in Frameworks */ = {isa = PBXBuildFile; productRef = 876A7A762C3468120022B85E /* MapboxCoreNavigation */; };
		876A7A792C3468120022B85E /* MapboxNavigation in Frameworks */ = {isa = PBXBuildFile; productRef = 876A7A782C3468120022B85E /* MapboxNavigation */; };
		876A7A7B2C346DA30022B85E /* WildWanderMapView.swift in Sources */ = {isa = PBXBuildFile; fileRef = 876A7A7A2C346DA30022B85E /* WildWanderMapView.swift */; };
		8776E01E2C4D42A1007D4F95 /* TrailsCellViewModel.swift in Sources */ = {isa = PBXBuildFile; fileRef = 8776E01D2C4D42A1007D4F95 /* TrailsCellViewModel.swift */; };
		8776E0222C4D45FF007D4F95 /* SaveTrail.swift in Sources */ = {isa = PBXBuildFile; fileRef = 8776E0212C4D45FF007D4F95 /* SaveTrail.swift */; };
		8776E0242C4D7C4D007D4F95 /* CreateAListView.swift in Sources */ = {isa = PBXBuildFile; fileRef = 8776E0232C4D7C4D007D4F95 /* CreateAListView.swift */; };
		8776E0262C4DCA86007D4F95 /* SavedPageViewModel.swift in Sources */ = {isa = PBXBuildFile; fileRef = 8776E0252C4DCA86007D4F95 /* SavedPageViewModel.swift */; };
		87876DD82C42F8CE00B439E7 /* Bounds.swift in Sources */ = {isa = PBXBuildFile; fileRef = 87876DD72C42F8CE00B439E7 /* Bounds.swift */; };
		87876DDB2C43356200B439E7 /* TabSheetPresentationController.swift in Sources */ = {isa = PBXBuildFile; fileRef = 87876DDA2C43356200B439E7 /* TabSheetPresentationController.swift */; };
		87876DDD2C43359000B439E7 /* UISheetPresentationController.Detent.swift in Sources */ = {isa = PBXBuildFile; fileRef = 87876DDC2C43359000B439E7 /* UISheetPresentationController.Detent.swift */; };
		87876DDF2C4335B000B439E7 /* UISheetPresentationController.Detent.Identifier.swift in Sources */ = {isa = PBXBuildFile; fileRef = 87876DDE2C4335B000B439E7 /* UISheetPresentationController.Detent.Identifier.swift */; };
		87876DE12C4431D500B439E7 /* UIButton.swift in Sources */ = {isa = PBXBuildFile; fileRef = 87876DE02C4431D500B439E7 /* UIButton.swift */; };
		87876DE42C4433CC00B439E7 /* NavigatePageViewController + UIViewControllerTransitioningDelegate.swift in Sources */ = {isa = PBXBuildFile; fileRef = 87876DE32C4433CC00B439E7 /* NavigatePageViewController + UIViewControllerTransitioningDelegate.swift */; };
		87876DE82C4435B900B439E7 /* UIStackView.swift in Sources */ = {isa = PBXBuildFile; fileRef = 87876DE72C4435B900B439E7 /* UIStackView.swift */; };
		87876DEC2C44B4DB00B439E7 /* NavigationInformationStackView.swift in Sources */ = {isa = PBXBuildFile; fileRef = 87876DEB2C44B4DB00B439E7 /* NavigationInformationStackView.swift */; };
		87876DEE2C45947100B439E7 /* String.swift in Sources */ = {isa = PBXBuildFile; fileRef = 87876DED2C45947100B439E7 /* String.swift */; };
		87876DF02C45A8CF00B439E7 /* ButtonsStackView.swift in Sources */ = {isa = PBXBuildFile; fileRef = 87876DEF2C45A8CF00B439E7 /* ButtonsStackView.swift */; };
		87876DFC2C45EF7500B439E7 /* SearchPageViewController.swift in Sources */ = {isa = PBXBuildFile; fileRef = 87876DFB2C45EF7500B439E7 /* SearchPageViewController.swift */; };
		87876DFE2C45EF9900B439E7 /* SearchPageViewModel.swift in Sources */ = {isa = PBXBuildFile; fileRef = 87876DFD2C45EF9900B439E7 /* SearchPageViewModel.swift */; };
		87876E002C45F03A00B439E7 /* Location.swift in Sources */ = {isa = PBXBuildFile; fileRef = 87876DFF2C45F03A00B439E7 /* Location.swift */; };
		87876E032C46BA1600B439E7 /* WildWanderMapViewDelegate.swift in Sources */ = {isa = PBXBuildFile; fileRef = 87876E022C46BA1600B439E7 /* WildWanderMapViewDelegate.swift */; };
		87876E062C46BCA000B439E7 /* ExplorePageViewController + UIViewControllerTransitioningDelegate.swift in Sources */ = {isa = PBXBuildFile; fileRef = 87876E052C46BCA000B439E7 /* ExplorePageViewController + UIViewControllerTransitioningDelegate.swift */; };
		87876E082C46BFC300B439E7 /* TrailAddable.swift in Sources */ = {isa = PBXBuildFile; fileRef = 87876E072C46BFC300B439E7 /* TrailAddable.swift */; };
		87876E0D2C47345B00B439E7 /* LogInPageViewController.swift in Sources */ = {isa = PBXBuildFile; fileRef = 87876E0C2C47345B00B439E7 /* LogInPageViewController.swift */; };
		87876E0F2C47FA6500B439E7 /* UITextField.swift in Sources */ = {isa = PBXBuildFile; fileRef = 87876E0E2C47FA6500B439E7 /* UITextField.swift */; };
		87876E112C47FBCA00B439E7 /* UILabel.swift in Sources */ = {isa = PBXBuildFile; fileRef = 87876E102C47FBCA00B439E7 /* UILabel.swift */; };
		87876E132C4ADB3900B439E7 /* ProfilePageViewController.swift in Sources */ = {isa = PBXBuildFile; fileRef = 87876E122C4ADB3900B439E7 /* ProfilePageViewController.swift */; };
		87876E152C4B014300B439E7 /* EmailEntryViewController.swift in Sources */ = {isa = PBXBuildFile; fileRef = 87876E142C4B014300B439E7 /* EmailEntryViewController.swift */; };
		87876E182C4B069C00B439E7 /* EmailEntryViewModel.swift in Sources */ = {isa = PBXBuildFile; fileRef = 87876E172C4B069C00B439E7 /* EmailEntryViewModel.swift */; };
		87876E1A2C4B0DFE00B439E7 /* TextfieldAndTitleStackView.swift in Sources */ = {isa = PBXBuildFile; fileRef = 87876E192C4B0DFE00B439E7 /* TextfieldAndTitleStackView.swift */; };
		87876E1D2C4B1DCF00B439E7 /* CodeEntryViewController.swift in Sources */ = {isa = PBXBuildFile; fileRef = 87876E1C2C4B1DCF00B439E7 /* CodeEntryViewController.swift */; };
		87876E1F2C4B2ABF00B439E7 /* CodeEntryViewModel.swift in Sources */ = {isa = PBXBuildFile; fileRef = 87876E1E2C4B2ABF00B439E7 /* CodeEntryViewModel.swift */; };
		87876E222C4B321800B439E7 /* KeychainHelper.swift in Sources */ = {isa = PBXBuildFile; fileRef = 87876E212C4B321800B439E7 /* KeychainHelper.swift */; };
		87876E242C4B3E8600B439E7 /* InformationEntryViewController.swift in Sources */ = {isa = PBXBuildFile; fileRef = 87876E232C4B3E8600B439E7 /* InformationEntryViewController.swift */; };
		87876E272C4B52A000B439E7 /* InformationEntryViewModel.swift in Sources */ = {isa = PBXBuildFile; fileRef = 87876E262C4B52A000B439E7 /* InformationEntryViewModel.swift */; };
		87876E292C4B5B5900B439E7 /* RegisterUserInformation.swift in Sources */ = {isa = PBXBuildFile; fileRef = 87876E282C4B5B5800B439E7 /* RegisterUserInformation.swift */; };
		87876E2B2C4C161F00B439E7 /* EmailValidation.swift in Sources */ = {isa = PBXBuildFile; fileRef = 87876E2A2C4C161F00B439E7 /* EmailValidation.swift */; };
		87876E2D2C4C4B5200B439E7 /* Token.swift in Sources */ = {isa = PBXBuildFile; fileRef = 87876E2C2C4C4B5200B439E7 /* Token.swift */; };
		87876E2F2C4C57E500B439E7 /* LogInPageViewModel.swift in Sources */ = {isa = PBXBuildFile; fileRef = 87876E2E2C4C57E500B439E7 /* LogInPageViewModel.swift */; };
		87B8D0732C4C8AAF006858EE /* SavedPageViewController.swift in Sources */ = {isa = PBXBuildFile; fileRef = 87B8D0722C4C8AAF006858EE /* SavedPageViewController.swift */; };
		87B8D0752C4C8E47006858EE /* ListsTableView.swift in Sources */ = {isa = PBXBuildFile; fileRef = 87B8D0742C4C8E47006858EE /* ListsTableView.swift */; };
		87B8D0782C4C903D006858EE /* ListsTableViewModel.swift in Sources */ = {isa = PBXBuildFile; fileRef = 87B8D0772C4C903D006858EE /* ListsTableViewModel.swift */; };
		87B8D07A2C4C95D2006858EE /* SavedList.swift in Sources */ = {isa = PBXBuildFile; fileRef = 87B8D0792C4C95D2006858EE /* SavedList.swift */; };
		87B8D07C2C4C9AB9006858EE /* ListCell.swift in Sources */ = {isa = PBXBuildFile; fileRef = 87B8D07B2C4C9AB9006858EE /* ListCell.swift */; };
		87BF718C2C3C2EC800D120C0 /* SearchBarView.swift in Sources */ = {isa = PBXBuildFile; fileRef = 87BF718B2C3C2EC800D120C0 /* SearchBarView.swift */; };
		87BF718E2C3C31F600D120C0 /* UIColor.swift in Sources */ = {isa = PBXBuildFile; fileRef = 87BF718D2C3C31F500D120C0 /* UIColor.swift */; };
		87BF71902C3C576400D120C0 /* ImageCarouselView.swift in Sources */ = {isa = PBXBuildFile; fileRef = 87BF718F2C3C576400D120C0 /* ImageCarouselView.swift */; };
		87CA3AEA2C3C884D00640C58 /* UIImageView.swift in Sources */ = {isa = PBXBuildFile; fileRef = 87CA3AE92C3C884D00640C58 /* UIImageView.swift */; };
		87F0ED812C3DCE9A0092A756 /* MapStylePageViewController.swift in Sources */ = {isa = PBXBuildFile; fileRef = 87F0ED802C3DCE9A0092A756 /* MapStylePageViewController.swift */; };
		87F0ED832C3F3E650092A756 /* WildWanderMapViewModel.swift in Sources */ = {isa = PBXBuildFile; fileRef = 87F0ED822C3F3E650092A756 /* WildWanderMapViewModel.swift */; };
		87F0ED862C3F4C840092A756 /* WildWanderAlertView.swift in Sources */ = {isa = PBXBuildFile; fileRef = 87F0ED852C3F4C840092A756 /* WildWanderAlertView.swift */; };
		87F0ED882C4151520092A756 /* TrailShownViewController.swift in Sources */ = {isa = PBXBuildFile; fileRef = 87F0ED872C4151520092A756 /* TrailShownViewController.swift */; };
		87F0ED8A2C418CF50092A756 /* NavigatePageViewController.swift in Sources */ = {isa = PBXBuildFile; fileRef = 87F0ED892C418CF50092A756 /* NavigatePageViewController.swift */; };
		87F0ED8E2C41F9F60092A756 /* Trail.swift in Sources */ = {isa = PBXBuildFile; fileRef = 87F0ED8D2C41F9F60092A756 /* Trail.swift */; };
		87F0ED912C41FB580092A756 /* ExplorePageViewModel.swift in Sources */ = {isa = PBXBuildFile; fileRef = 87F0ED902C41FB580092A756 /* ExplorePageViewModel.swift */; };
		87F0ED932C41FC2B0092A756 /* TrailsView.swift in Sources */ = {isa = PBXBuildFile; fileRef = 87F0ED922C41FC2B0092A756 /* TrailsView.swift */; };
		87F0ED952C41FFE30092A756 /* TrailsViewViewModel.swift in Sources */ = {isa = PBXBuildFile; fileRef = 87F0ED942C41FFE30092A756 /* TrailsViewViewModel.swift */; };
		87F0ED972C4283350092A756 /* TrailsCell.swift in Sources */ = {isa = PBXBuildFile; fileRef = 87F0ED962C4283350092A756 /* TrailsCell.swift */; };
/* End PBXBuildFile section */

/* Begin PBXFileReference section */
		87069EF22C4EF19700F403DA /* ProfilePageView.swift */ = {isa = PBXFileReference; lastKnownFileType = sourcecode.swift; path = ProfilePageView.swift; sourceTree = "<group>"; };
		87069EF42C4EF28100F403DA /* ProfilePageViewModel.swift */ = {isa = PBXFileReference; lastKnownFileType = sourcecode.swift; path = ProfilePageViewModel.swift; sourceTree = "<group>"; };
		87069EF62C4EF37400F403DA /* UserDetails.swift */ = {isa = PBXFileReference; lastKnownFileType = sourcecode.swift; path = UserDetails.swift; sourceTree = "<group>"; };
		87069EF82C4F225600F403DA /* LoaderView.swift */ = {isa = PBXFileReference; lastKnownFileType = sourcecode.swift; path = LoaderView.swift; sourceTree = "<group>"; };
		8707C4D92C4DCCB4009AA794 /* CreateList.swift */ = {isa = PBXFileReference; lastKnownFileType = sourcecode.swift; path = CreateList.swift; sourceTree = "<group>"; };
		8707C4DB2C4DD863009AA794 /* BoolResult.swift */ = {isa = PBXFileReference; lastKnownFileType = sourcecode.swift; path = BoolResult.swift; sourceTree = "<group>"; };
		871C851B2C332FDE00F20612 /* WildWander.app */ = {isa = PBXFileReference; explicitFileType = wrapper.application; includeInIndex = 0; path = WildWander.app; sourceTree = BUILT_PRODUCTS_DIR; };
		871C851E2C332FDE00F20612 /* AppDelegate.swift */ = {isa = PBXFileReference; lastKnownFileType = sourcecode.swift; path = AppDelegate.swift; sourceTree = "<group>"; };
		871C85202C332FDE00F20612 /* SceneDelegate.swift */ = {isa = PBXFileReference; lastKnownFileType = sourcecode.swift; path = SceneDelegate.swift; sourceTree = "<group>"; };
		871C85222C332FDE00F20612 /* ExplorePageViewController.swift */ = {isa = PBXFileReference; lastKnownFileType = sourcecode.swift; path = ExplorePageViewController.swift; sourceTree = "<group>"; };
		871C85272C332FE000F20612 /* Assets.xcassets */ = {isa = PBXFileReference; lastKnownFileType = folder.assetcatalog; path = Assets.xcassets; sourceTree = "<group>"; };
		871C852A2C332FE000F20612 /* Base */ = {isa = PBXFileReference; lastKnownFileType = file.storyboard; name = Base; path = Base.lproj/LaunchScreen.storyboard; sourceTree = "<group>"; };
		871C852C2C332FE000F20612 /* Info.plist */ = {isa = PBXFileReference; lastKnownFileType = text.plist.xml; path = Info.plist; sourceTree = "<group>"; };
		872105592C4F4A250000C574 /* NavigationInformationStackViewModel.swift */ = {isa = PBXFileReference; lastKnownFileType = sourcecode.swift; path = NavigationInformationStackViewModel.swift; sourceTree = "<group>"; };
		8721055C2C4F5D8D0000C574 /* CompleteTrail.swift */ = {isa = PBXFileReference; lastKnownFileType = sourcecode.swift; path = CompleteTrail.swift; sourceTree = "<group>"; };
		8721055E2C4FE2C80000C574 /* TrailDetails.swift */ = {isa = PBXFileReference; lastKnownFileType = sourcecode.swift; path = TrailDetails.swift; sourceTree = "<group>"; };
		872105602C50133A0000C574 /* TrailShownViewModel.swift */ = {isa = PBXFileReference; lastKnownFileType = sourcecode.swift; path = TrailShownViewModel.swift; sourceTree = "<group>"; };
		876A7A6E2C3434A30022B85E /* EndPointCreator.swift */ = {isa = PBXFileReference; lastKnownFileType = sourcecode.swift; path = EndPointCreator.swift; sourceTree = "<group>"; };
		876A7A7A2C346DA30022B85E /* WildWanderMapView.swift */ = {isa = PBXFileReference; lastKnownFileType = sourcecode.swift; path = WildWanderMapView.swift; sourceTree = "<group>"; };
		8776E01D2C4D42A1007D4F95 /* TrailsCellViewModel.swift */ = {isa = PBXFileReference; lastKnownFileType = sourcecode.swift; path = TrailsCellViewModel.swift; sourceTree = "<group>"; };
		8776E0212C4D45FF007D4F95 /* SaveTrail.swift */ = {isa = PBXFileReference; lastKnownFileType = sourcecode.swift; path = SaveTrail.swift; sourceTree = "<group>"; };
		8776E0232C4D7C4D007D4F95 /* CreateAListView.swift */ = {isa = PBXFileReference; lastKnownFileType = sourcecode.swift; path = CreateAListView.swift; sourceTree = "<group>"; };
		8776E0252C4DCA86007D4F95 /* SavedPageViewModel.swift */ = {isa = PBXFileReference; lastKnownFileType = sourcecode.swift; path = SavedPageViewModel.swift; sourceTree = "<group>"; };
		87876DD72C42F8CE00B439E7 /* Bounds.swift */ = {isa = PBXFileReference; lastKnownFileType = sourcecode.swift; path = Bounds.swift; sourceTree = "<group>"; };
		87876DDA2C43356200B439E7 /* TabSheetPresentationController.swift */ = {isa = PBXFileReference; lastKnownFileType = sourcecode.swift; path = TabSheetPresentationController.swift; sourceTree = "<group>"; };
		87876DDC2C43359000B439E7 /* UISheetPresentationController.Detent.swift */ = {isa = PBXFileReference; lastKnownFileType = sourcecode.swift; path = UISheetPresentationController.Detent.swift; sourceTree = "<group>"; };
		87876DDE2C4335B000B439E7 /* UISheetPresentationController.Detent.Identifier.swift */ = {isa = PBXFileReference; lastKnownFileType = sourcecode.swift; path = UISheetPresentationController.Detent.Identifier.swift; sourceTree = "<group>"; };
		87876DE02C4431D500B439E7 /* UIButton.swift */ = {isa = PBXFileReference; lastKnownFileType = sourcecode.swift; path = UIButton.swift; sourceTree = "<group>"; };
		87876DE32C4433CC00B439E7 /* NavigatePageViewController + UIViewControllerTransitioningDelegate.swift */ = {isa = PBXFileReference; lastKnownFileType = sourcecode.swift; path = "NavigatePageViewController + UIViewControllerTransitioningDelegate.swift"; sourceTree = "<group>"; };
		87876DE72C4435B900B439E7 /* UIStackView.swift */ = {isa = PBXFileReference; lastKnownFileType = sourcecode.swift; path = UIStackView.swift; sourceTree = "<group>"; };
		87876DEB2C44B4DB00B439E7 /* NavigationInformationStackView.swift */ = {isa = PBXFileReference; lastKnownFileType = sourcecode.swift; path = NavigationInformationStackView.swift; sourceTree = "<group>"; };
		87876DED2C45947100B439E7 /* String.swift */ = {isa = PBXFileReference; lastKnownFileType = sourcecode.swift; path = String.swift; sourceTree = "<group>"; };
		87876DEF2C45A8CF00B439E7 /* ButtonsStackView.swift */ = {isa = PBXFileReference; lastKnownFileType = sourcecode.swift; path = ButtonsStackView.swift; sourceTree = "<group>"; };
		87876DFB2C45EF7500B439E7 /* SearchPageViewController.swift */ = {isa = PBXFileReference; lastKnownFileType = sourcecode.swift; path = SearchPageViewController.swift; sourceTree = "<group>"; };
		87876DFD2C45EF9900B439E7 /* SearchPageViewModel.swift */ = {isa = PBXFileReference; lastKnownFileType = sourcecode.swift; path = SearchPageViewModel.swift; sourceTree = "<group>"; };
		87876DFF2C45F03A00B439E7 /* Location.swift */ = {isa = PBXFileReference; lastKnownFileType = sourcecode.swift; path = Location.swift; sourceTree = "<group>"; };
		87876E022C46BA1600B439E7 /* WildWanderMapViewDelegate.swift */ = {isa = PBXFileReference; lastKnownFileType = sourcecode.swift; path = WildWanderMapViewDelegate.swift; sourceTree = "<group>"; };
		87876E052C46BCA000B439E7 /* ExplorePageViewController + UIViewControllerTransitioningDelegate.swift */ = {isa = PBXFileReference; lastKnownFileType = sourcecode.swift; path = "ExplorePageViewController + UIViewControllerTransitioningDelegate.swift"; sourceTree = "<group>"; };
		87876E072C46BFC300B439E7 /* TrailAddable.swift */ = {isa = PBXFileReference; lastKnownFileType = sourcecode.swift; path = TrailAddable.swift; sourceTree = "<group>"; };
		87876E0C2C47345B00B439E7 /* LogInPageViewController.swift */ = {isa = PBXFileReference; lastKnownFileType = sourcecode.swift; path = LogInPageViewController.swift; sourceTree = "<group>"; };
		87876E0E2C47FA6500B439E7 /* UITextField.swift */ = {isa = PBXFileReference; lastKnownFileType = sourcecode.swift; path = UITextField.swift; sourceTree = "<group>"; };
		87876E102C47FBCA00B439E7 /* UILabel.swift */ = {isa = PBXFileReference; lastKnownFileType = sourcecode.swift; path = UILabel.swift; sourceTree = "<group>"; };
		87876E122C4ADB3900B439E7 /* ProfilePageViewController.swift */ = {isa = PBXFileReference; lastKnownFileType = sourcecode.swift; path = ProfilePageViewController.swift; sourceTree = "<group>"; };
		87876E142C4B014300B439E7 /* EmailEntryViewController.swift */ = {isa = PBXFileReference; lastKnownFileType = sourcecode.swift; path = EmailEntryViewController.swift; sourceTree = "<group>"; };
		87876E172C4B069C00B439E7 /* EmailEntryViewModel.swift */ = {isa = PBXFileReference; lastKnownFileType = sourcecode.swift; path = EmailEntryViewModel.swift; sourceTree = "<group>"; };
		87876E192C4B0DFE00B439E7 /* TextfieldAndTitleStackView.swift */ = {isa = PBXFileReference; lastKnownFileType = sourcecode.swift; path = TextfieldAndTitleStackView.swift; sourceTree = "<group>"; };
		87876E1C2C4B1DCF00B439E7 /* CodeEntryViewController.swift */ = {isa = PBXFileReference; lastKnownFileType = sourcecode.swift; path = CodeEntryViewController.swift; sourceTree = "<group>"; };
		87876E1E2C4B2ABF00B439E7 /* CodeEntryViewModel.swift */ = {isa = PBXFileReference; lastKnownFileType = sourcecode.swift; path = CodeEntryViewModel.swift; sourceTree = "<group>"; };
		87876E212C4B321800B439E7 /* KeychainHelper.swift */ = {isa = PBXFileReference; lastKnownFileType = sourcecode.swift; path = KeychainHelper.swift; sourceTree = "<group>"; };
		87876E232C4B3E8600B439E7 /* InformationEntryViewController.swift */ = {isa = PBXFileReference; lastKnownFileType = sourcecode.swift; path = InformationEntryViewController.swift; sourceTree = "<group>"; };
		87876E262C4B52A000B439E7 /* InformationEntryViewModel.swift */ = {isa = PBXFileReference; lastKnownFileType = sourcecode.swift; path = InformationEntryViewModel.swift; sourceTree = "<group>"; };
		87876E282C4B5B5800B439E7 /* RegisterUserInformation.swift */ = {isa = PBXFileReference; lastKnownFileType = sourcecode.swift; path = RegisterUserInformation.swift; sourceTree = "<group>"; };
		87876E2A2C4C161F00B439E7 /* EmailValidation.swift */ = {isa = PBXFileReference; lastKnownFileType = sourcecode.swift; path = EmailValidation.swift; sourceTree = "<group>"; };
		87876E2C2C4C4B5200B439E7 /* Token.swift */ = {isa = PBXFileReference; lastKnownFileType = sourcecode.swift; path = Token.swift; sourceTree = "<group>"; };
		87876E2E2C4C57E500B439E7 /* LogInPageViewModel.swift */ = {isa = PBXFileReference; lastKnownFileType = sourcecode.swift; path = LogInPageViewModel.swift; sourceTree = "<group>"; };
		87B8D0722C4C8AAF006858EE /* SavedPageViewController.swift */ = {isa = PBXFileReference; lastKnownFileType = sourcecode.swift; path = SavedPageViewController.swift; sourceTree = "<group>"; };
		87B8D0742C4C8E47006858EE /* ListsTableView.swift */ = {isa = PBXFileReference; lastKnownFileType = sourcecode.swift; path = ListsTableView.swift; sourceTree = "<group>"; };
		87B8D0772C4C903D006858EE /* ListsTableViewModel.swift */ = {isa = PBXFileReference; lastKnownFileType = sourcecode.swift; path = ListsTableViewModel.swift; sourceTree = "<group>"; };
		87B8D0792C4C95D2006858EE /* SavedList.swift */ = {isa = PBXFileReference; lastKnownFileType = sourcecode.swift; path = SavedList.swift; sourceTree = "<group>"; };
		87B8D07B2C4C9AB9006858EE /* ListCell.swift */ = {isa = PBXFileReference; lastKnownFileType = sourcecode.swift; path = ListCell.swift; sourceTree = "<group>"; };
		87BF718B2C3C2EC800D120C0 /* SearchBarView.swift */ = {isa = PBXFileReference; lastKnownFileType = sourcecode.swift; path = SearchBarView.swift; sourceTree = "<group>"; };
		87BF718D2C3C31F500D120C0 /* UIColor.swift */ = {isa = PBXFileReference; lastKnownFileType = sourcecode.swift; path = UIColor.swift; sourceTree = "<group>"; };
		87BF718F2C3C576400D120C0 /* ImageCarouselView.swift */ = {isa = PBXFileReference; lastKnownFileType = sourcecode.swift; path = ImageCarouselView.swift; sourceTree = "<group>"; };
		87CA3AE92C3C884D00640C58 /* UIImageView.swift */ = {isa = PBXFileReference; lastKnownFileType = sourcecode.swift; path = UIImageView.swift; sourceTree = "<group>"; };
		87F0ED802C3DCE9A0092A756 /* MapStylePageViewController.swift */ = {isa = PBXFileReference; lastKnownFileType = sourcecode.swift; path = MapStylePageViewController.swift; sourceTree = "<group>"; };
		87F0ED822C3F3E650092A756 /* WildWanderMapViewModel.swift */ = {isa = PBXFileReference; lastKnownFileType = sourcecode.swift; path = WildWanderMapViewModel.swift; sourceTree = "<group>"; };
		87F0ED852C3F4C840092A756 /* WildWanderAlertView.swift */ = {isa = PBXFileReference; lastKnownFileType = sourcecode.swift; path = WildWanderAlertView.swift; sourceTree = "<group>"; };
		87F0ED872C4151520092A756 /* TrailShownViewController.swift */ = {isa = PBXFileReference; lastKnownFileType = sourcecode.swift; path = TrailShownViewController.swift; sourceTree = "<group>"; };
		87F0ED892C418CF50092A756 /* NavigatePageViewController.swift */ = {isa = PBXFileReference; lastKnownFileType = sourcecode.swift; path = NavigatePageViewController.swift; sourceTree = "<group>"; };
		87F0ED8D2C41F9F60092A756 /* Trail.swift */ = {isa = PBXFileReference; lastKnownFileType = sourcecode.swift; path = Trail.swift; sourceTree = "<group>"; };
		87F0ED902C41FB580092A756 /* ExplorePageViewModel.swift */ = {isa = PBXFileReference; lastKnownFileType = sourcecode.swift; path = ExplorePageViewModel.swift; sourceTree = "<group>"; };
		87F0ED922C41FC2B0092A756 /* TrailsView.swift */ = {isa = PBXFileReference; lastKnownFileType = sourcecode.swift; path = TrailsView.swift; sourceTree = "<group>"; };
		87F0ED942C41FFE30092A756 /* TrailsViewViewModel.swift */ = {isa = PBXFileReference; lastKnownFileType = sourcecode.swift; path = TrailsViewViewModel.swift; sourceTree = "<group>"; };
		87F0ED962C4283350092A756 /* TrailsCell.swift */ = {isa = PBXFileReference; lastKnownFileType = sourcecode.swift; path = TrailsCell.swift; sourceTree = "<group>"; };
/* End PBXFileReference section */

/* Begin PBXFrameworksBuildPhase section */
		871C85182C332FDE00F20612 /* Frameworks */ = {
			isa = PBXFrameworksBuildPhase;
			buildActionMask = 2147483647;
			files = (
				876A7A772C3468120022B85E /* MapboxCoreNavigation in Frameworks */,
				876A7A792C3468120022B85E /* MapboxNavigation in Frameworks */,
				876A7A722C3448250022B85E /* NetworkingService in Frameworks */,
			);
			runOnlyForDeploymentPostprocessing = 0;
		};
/* End PBXFrameworksBuildPhase section */

/* Begin PBXGroup section */
		871C85122C332FDE00F20612 = {
			isa = PBXGroup;
			children = (
				871C851D2C332FDE00F20612 /* WildWander */,
				871C851C2C332FDE00F20612 /* Products */,
			);
			sourceTree = "<group>";
		};
		871C851C2C332FDE00F20612 /* Products */ = {
			isa = PBXGroup;
			children = (
				871C851B2C332FDE00F20612 /* WildWander.app */,
			);
			name = Products;
			sourceTree = "<group>";
		};
		871C851D2C332FDE00F20612 /* WildWander */ = {
			isa = PBXGroup;
			children = (
				876A7A542C335EE20022B85E /* App */,
				876A7A582C335FC30022B85E /* Scenes */,
				876A7A622C3364740022B85E /* Reusable Components */,
				87F0ED8C2C41F9C90092A756 /* Models */,
				876A7A552C335F0B0022B85E /* Resources */,
				876A7A562C335F1D0022B85E /* Supporting Files */,
				87876E202C4B31F000B439E7 /* Utilities */,
				876A7A632C3364970022B85E /* Networking */,
				87876E012C46B96D00B439E7 /* Protocols */,
				87BF71882C3C29E600D120C0 /* Extensions */,
			);
			path = WildWander;
			sourceTree = "<group>";
		};
		8721055B2C4F4DE70000C574 /* NavigationInformationStackView */ = {
			isa = PBXGroup;
			children = (
				87876DEB2C44B4DB00B439E7 /* NavigationInformationStackView.swift */,
				872105592C4F4A250000C574 /* NavigationInformationStackViewModel.swift */,
			);
			path = NavigationInformationStackView;
			sourceTree = "<group>";
		};
		876A7A542C335EE20022B85E /* App */ = {
			isa = PBXGroup;
			children = (
				871C851E2C332FDE00F20612 /* AppDelegate.swift */,
				871C85202C332FDE00F20612 /* SceneDelegate.swift */,
			);
			path = App;
			sourceTree = "<group>";
		};
		876A7A552C335F0B0022B85E /* Resources */ = {
			isa = PBXGroup;
			children = (
				871C85272C332FE000F20612 /* Assets.xcassets */,
			);
			path = Resources;
			sourceTree = "<group>";
		};
		876A7A562C335F1D0022B85E /* Supporting Files */ = {
			isa = PBXGroup;
			children = (
				876A7A572C335F280022B85E /* Launch */,
				871C852C2C332FE000F20612 /* Info.plist */,
			);
			path = "Supporting Files";
			sourceTree = "<group>";
		};
		876A7A572C335F280022B85E /* Launch */ = {
			isa = PBXGroup;
			children = (
				871C85292C332FE000F20612 /* LaunchScreen.storyboard */,
			);
			path = Launch;
			sourceTree = "<group>";
		};
		876A7A582C335FC30022B85E /* Scenes */ = {
			isa = PBXGroup;
			children = (
				876A7A642C3365BD0022B85E /* Launch Page */,
				876A7A592C335FFD0022B85E /* Explore Page */,
				876A7A672C3365F20022B85E /* Navigate Page */,
				876A7A6A2C33663B0022B85E /* Saved Page */,
				876A7A682C3365FE0022B85E /* Profile Page */,
				876A7A5F2C3360B10022B85E /* Login Page */,
				876A7A602C3360C30022B85E /* Sign Up Page */,
				876A7A692C3366190022B85E /* Settings Page */,
				87F0ED7F2C3D69440092A756 /* MapStylePage */,
				87876DFA2C45EF4C00B439E7 /* Search Page */,
			);
			path = Scenes;
			sourceTree = "<group>";
		};
		876A7A592C335FFD0022B85E /* Explore Page */ = {
			isa = PBXGroup;
			children = (
				871C85222C332FDE00F20612 /* ExplorePageViewController.swift */,
				87F0ED902C41FB580092A756 /* ExplorePageViewModel.swift */,
				87876E042C46BC7E00B439E7 /* Extensions */,
			);
			path = "Explore Page";
			sourceTree = "<group>";
		};
		876A7A5F2C3360B10022B85E /* Login Page */ = {
			isa = PBXGroup;
			children = (
				87876E0C2C47345B00B439E7 /* LogInPageViewController.swift */,
				87876E2E2C4C57E500B439E7 /* LogInPageViewModel.swift */,
			);
			name = "Login Page";
			sourceTree = "<group>";
		};
		876A7A602C3360C30022B85E /* Sign Up Page */ = {
			isa = PBXGroup;
			children = (
				87876E162C4B065F00B439E7 /* EmailEntry */,
				87876E1B2C4B1DAE00B439E7 /* CodeEntry */,
				87876E252C4B3E8D00B439E7 /* InformationEntry */,
			);
			name = "Sign Up Page";
			sourceTree = "<group>";
		};
		876A7A622C3364740022B85E /* Reusable Components */ = {
			isa = PBXGroup;
			children = (
				8776E0202C4D42C5007D4F95 /* Trails View */,
				87F0ED842C3F3EB40092A756 /* WildWanderMap */,
				87BF718B2C3C2EC800D120C0 /* SearchBarView.swift */,
				87BF718F2C3C576400D120C0 /* ImageCarouselView.swift */,
				87F0ED852C3F4C840092A756 /* WildWanderAlertView.swift */,
				87876DDA2C43356200B439E7 /* TabSheetPresentationController.swift */,
				87876DEF2C45A8CF00B439E7 /* ButtonsStackView.swift */,
				87876E192C4B0DFE00B439E7 /* TextfieldAndTitleStackView.swift */,
				87069EF82C4F225600F403DA /* LoaderView.swift */,
			);
			path = "Reusable Components";
			sourceTree = "<group>";
		};
		876A7A632C3364970022B85E /* Networking */ = {
			isa = PBXGroup;
			children = (
				876A7A6E2C3434A30022B85E /* EndPointCreator.swift */,
			);
			path = Networking;
			sourceTree = "<group>";
		};
		876A7A642C3365BD0022B85E /* Launch Page */ = {
			isa = PBXGroup;
			children = (
			);
			path = "Launch Page";
			sourceTree = "<group>";
		};
		876A7A672C3365F20022B85E /* Navigate Page */ = {
			isa = PBXGroup;
			children = (
				87F0ED892C418CF50092A756 /* NavigatePageViewController.swift */,
				87876E0B2C4708C700B439E7 /* Helper Views */,
				87876DE22C4433B500B439E7 /* Extensions */,
			);
			path = "Navigate Page";
			sourceTree = "<group>";
		};
		876A7A682C3365FE0022B85E /* Profile Page */ = {
			isa = PBXGroup;
			children = (
				87876E122C4ADB3900B439E7 /* ProfilePageViewController.swift */,
				87069EF22C4EF19700F403DA /* ProfilePageView.swift */,
				87069EF42C4EF28100F403DA /* ProfilePageViewModel.swift */,
			);
			path = "Profile Page";
			sourceTree = "<group>";
		};
		876A7A692C3366190022B85E /* Settings Page */ = {
			isa = PBXGroup;
			children = (
			);
			path = "Settings Page";
			sourceTree = "<group>";
		};
		876A7A6A2C33663B0022B85E /* Saved Page */ = {
			isa = PBXGroup;
			children = (
				87B8D0722C4C8AAF006858EE /* SavedPageViewController.swift */,
				8776E0252C4DCA86007D4F95 /* SavedPageViewModel.swift */,
				87B8D0762C4C9017006858EE /* Lists */,
			);
			path = "Saved Page";
			sourceTree = "<group>";
		};
		8776E01F2C4D42B3007D4F95 /* Trails Cell */ = {
			isa = PBXGroup;
			children = (
				87F0ED962C4283350092A756 /* TrailsCell.swift */,
				8776E01D2C4D42A1007D4F95 /* TrailsCellViewModel.swift */,
			);
			path = "Trails Cell";
			sourceTree = "<group>";
		};
		8776E0202C4D42C5007D4F95 /* Trails View */ = {
			isa = PBXGroup;
			children = (
				8776E01F2C4D42B3007D4F95 /* Trails Cell */,
				87F0ED922C41FC2B0092A756 /* TrailsView.swift */,
				87F0ED942C41FFE30092A756 /* TrailsViewViewModel.swift */,
			);
			path = "Trails View";
			sourceTree = "<group>";
		};
		87876DE22C4433B500B439E7 /* Extensions */ = {
			isa = PBXGroup;
			children = (
				87876DE32C4433CC00B439E7 /* NavigatePageViewController + UIViewControllerTransitioningDelegate.swift */,
			);
			path = Extensions;
			sourceTree = "<group>";
		};
		87876DFA2C45EF4C00B439E7 /* Search Page */ = {
			isa = PBXGroup;
			children = (
				87876DFB2C45EF7500B439E7 /* SearchPageViewController.swift */,
				87876DFD2C45EF9900B439E7 /* SearchPageViewModel.swift */,
			);
			path = "Search Page";
			sourceTree = "<group>";
		};
		87876E012C46B96D00B439E7 /* Protocols */ = {
			isa = PBXGroup;
			children = (
				87876E022C46BA1600B439E7 /* WildWanderMapViewDelegate.swift */,
				87876E072C46BFC300B439E7 /* TrailAddable.swift */,
			);
			path = Protocols;
			sourceTree = "<group>";
		};
		87876E042C46BC7E00B439E7 /* Extensions */ = {
			isa = PBXGroup;
			children = (
				87876E052C46BCA000B439E7 /* ExplorePageViewController + UIViewControllerTransitioningDelegate.swift */,
			);
			path = Extensions;
			sourceTree = "<group>";
		};
		87876E0B2C4708C700B439E7 /* Helper Views */ = {
			isa = PBXGroup;
			children = (
				87F0ED872C4151520092A756 /* TrailShownViewController.swift */,
				872105602C50133A0000C574 /* TrailShownViewModel.swift */,
				8721055B2C4F4DE70000C574 /* NavigationInformationStackView */,
			);
			path = "Helper Views";
			sourceTree = "<group>";
		};
		87876E162C4B065F00B439E7 /* EmailEntry */ = {
			isa = PBXGroup;
			children = (
				87876E142C4B014300B439E7 /* EmailEntryViewController.swift */,
				87876E172C4B069C00B439E7 /* EmailEntryViewModel.swift */,
			);
			name = EmailEntry;
			sourceTree = "<group>";
		};
		87876E1B2C4B1DAE00B439E7 /* CodeEntry */ = {
			isa = PBXGroup;
			children = (
				87876E1C2C4B1DCF00B439E7 /* CodeEntryViewController.swift */,
				87876E1E2C4B2ABF00B439E7 /* CodeEntryViewModel.swift */,
			);
			name = CodeEntry;
			sourceTree = "<group>";
		};
		87876E202C4B31F000B439E7 /* Utilities */ = {
			isa = PBXGroup;
			children = (
				87876E212C4B321800B439E7 /* KeychainHelper.swift */,
			);
			path = Utilities;
			sourceTree = "<group>";
		};
		87876E252C4B3E8D00B439E7 /* InformationEntry */ = {
			isa = PBXGroup;
			children = (
				87876E232C4B3E8600B439E7 /* InformationEntryViewController.swift */,
				87876E262C4B52A000B439E7 /* InformationEntryViewModel.swift */,
			);
			name = InformationEntry;
			sourceTree = "<group>";
		};
		87B8D0762C4C9017006858EE /* Lists */ = {
			isa = PBXGroup;
			children = (
				87B8D0742C4C8E47006858EE /* ListsTableView.swift */,
				87B8D07B2C4C9AB9006858EE /* ListCell.swift */,
				87B8D0772C4C903D006858EE /* ListsTableViewModel.swift */,
				8776E0232C4D7C4D007D4F95 /* CreateAListView.swift */,
			);
			path = Lists;
			sourceTree = "<group>";
		};
		87BF71882C3C29E600D120C0 /* Extensions */ = {
			isa = PBXGroup;
			children = (
				87BF718D2C3C31F500D120C0 /* UIColor.swift */,
				87CA3AE92C3C884D00640C58 /* UIImageView.swift */,
				87876DDC2C43359000B439E7 /* UISheetPresentationController.Detent.swift */,
				87876DDE2C4335B000B439E7 /* UISheetPresentationController.Detent.Identifier.swift */,
				87876DE02C4431D500B439E7 /* UIButton.swift */,
				87876DE72C4435B900B439E7 /* UIStackView.swift */,
				87876E0E2C47FA6500B439E7 /* UITextField.swift */,
				87876DED2C45947100B439E7 /* String.swift */,
				87876E102C47FBCA00B439E7 /* UILabel.swift */,
			);
			path = Extensions;
			sourceTree = "<group>";
		};
		87F0ED7F2C3D69440092A756 /* MapStylePage */ = {
			isa = PBXGroup;
			children = (
				87F0ED802C3DCE9A0092A756 /* MapStylePageViewController.swift */,
			);
			path = MapStylePage;
			sourceTree = "<group>";
		};
		87F0ED842C3F3EB40092A756 /* WildWanderMap */ = {
			isa = PBXGroup;
			children = (
				876A7A7A2C346DA30022B85E /* WildWanderMapView.swift */,
				87F0ED822C3F3E650092A756 /* WildWanderMapViewModel.swift */,
			);
			path = WildWanderMap;
			sourceTree = "<group>";
		};
		87F0ED8C2C41F9C90092A756 /* Models */ = {
			isa = PBXGroup;
			children = (
				87F0ED8D2C41F9F60092A756 /* Trail.swift */,
				87876DD72C42F8CE00B439E7 /* Bounds.swift */,
				87876DFF2C45F03A00B439E7 /* Location.swift */,
				87876E282C4B5B5800B439E7 /* RegisterUserInformation.swift */,
				87876E2A2C4C161F00B439E7 /* EmailValidation.swift */,
				87876E2C2C4C4B5200B439E7 /* Token.swift */,
				87B8D0792C4C95D2006858EE /* SavedList.swift */,
				8776E0212C4D45FF007D4F95 /* SaveTrail.swift */,
				8707C4D92C4DCCB4009AA794 /* CreateList.swift */,
				8707C4DB2C4DD863009AA794 /* BoolResult.swift */,
				87069EF62C4EF37400F403DA /* UserDetails.swift */,
				8721055C2C4F5D8D0000C574 /* CompleteTrail.swift */,
				8721055E2C4FE2C80000C574 /* TrailDetails.swift */,
			);
			path = Models;
			sourceTree = "<group>";
		};
/* End PBXGroup section */

/* Begin PBXNativeTarget section */
		871C851A2C332FDE00F20612 /* WildWander */ = {
			isa = PBXNativeTarget;
			buildConfigurationList = 871C852F2C332FE000F20612 /* Build configuration list for PBXNativeTarget "WildWander" */;
			buildPhases = (
				871C85172C332FDE00F20612 /* Sources */,
				871C85182C332FDE00F20612 /* Frameworks */,
				871C85192C332FDE00F20612 /* Resources */,
			);
			buildRules = (
			);
			dependencies = (
			);
			name = WildWander;
			packageProductDependencies = (
				876A7A712C3448250022B85E /* NetworkingService */,
				876A7A762C3468120022B85E /* MapboxCoreNavigation */,
				876A7A782C3468120022B85E /* MapboxNavigation */,
			);
			productName = WildWander;
			productReference = 871C851B2C332FDE00F20612 /* WildWander.app */;
			productType = "com.apple.product-type.application";
		};
/* End PBXNativeTarget section */

/* Begin PBXProject section */
		871C85132C332FDE00F20612 /* Project object */ = {
			isa = PBXProject;
			attributes = {
				BuildIndependentTargetsInParallel = 1;
				LastSwiftUpdateCheck = 1540;
				LastUpgradeCheck = 1540;
				TargetAttributes = {
					871C851A2C332FDE00F20612 = {
						CreatedOnToolsVersion = 15.4;
					};
				};
			};
			buildConfigurationList = 871C85162C332FDE00F20612 /* Build configuration list for PBXProject "WildWander" */;
			compatibilityVersion = "Xcode 14.0";
			developmentRegion = en;
			hasScannedForEncodings = 0;
			knownRegions = (
				en,
				Base,
			);
			mainGroup = 871C85122C332FDE00F20612;
			packageReferences = (
				876A7A702C3448250022B85E /* XCRemoteSwiftPackageReference "NetworkingService" */,
				876A7A752C3468120022B85E /* XCRemoteSwiftPackageReference "mapbox-navigation-ios" */,
			);
			productRefGroup = 871C851C2C332FDE00F20612 /* Products */;
			projectDirPath = "";
			projectRoot = "";
			targets = (
				871C851A2C332FDE00F20612 /* WildWander */,
			);
		};
/* End PBXProject section */

/* Begin PBXResourcesBuildPhase section */
		871C85192C332FDE00F20612 /* Resources */ = {
			isa = PBXResourcesBuildPhase;
			buildActionMask = 2147483647;
			files = (
				871C85282C332FE000F20612 /* Assets.xcassets in Resources */,
				871C852B2C332FE000F20612 /* Base in Resources */,
			);
			runOnlyForDeploymentPostprocessing = 0;
		};
/* End PBXResourcesBuildPhase section */

/* Begin PBXSourcesBuildPhase section */
		871C85172C332FDE00F20612 /* Sources */ = {
			isa = PBXSourcesBuildPhase;
			buildActionMask = 2147483647;
			files = (
				871C85232C332FDE00F20612 /* ExplorePageViewController.swift in Sources */,
				87876E2D2C4C4B5200B439E7 /* Token.swift in Sources */,
				87F0ED8E2C41F9F60092A756 /* Trail.swift in Sources */,
				87876E002C45F03A00B439E7 /* Location.swift in Sources */,
				87F0ED932C41FC2B0092A756 /* TrailsView.swift in Sources */,
				87876DF02C45A8CF00B439E7 /* ButtonsStackView.swift in Sources */,
				87876E0D2C47345B00B439E7 /* LogInPageViewController.swift in Sources */,
				87876DE42C4433CC00B439E7 /* NavigatePageViewController + UIViewControllerTransitioningDelegate.swift in Sources */,
				87CA3AEA2C3C884D00640C58 /* UIImageView.swift in Sources */,
				8721055A2C4F4A250000C574 /* NavigationInformationStackViewModel.swift in Sources */,
				87F0ED8A2C418CF50092A756 /* NavigatePageViewController.swift in Sources */,
				87BF718E2C3C31F600D120C0 /* UIColor.swift in Sources */,
				87876E242C4B3E8600B439E7 /* InformationEntryViewController.swift in Sources */,
				87876E062C46BCA000B439E7 /* ExplorePageViewController + UIViewControllerTransitioningDelegate.swift in Sources */,
				87069EF32C4EF19700F403DA /* ProfilePageView.swift in Sources */,
				87876E2F2C4C57E500B439E7 /* LogInPageViewModel.swift in Sources */,
				87069EF52C4EF28100F403DA /* ProfilePageViewModel.swift in Sources */,
				87876DD82C42F8CE00B439E7 /* Bounds.swift in Sources */,
				87F0ED832C3F3E650092A756 /* WildWanderMapViewModel.swift in Sources */,
				87876E222C4B321800B439E7 /* KeychainHelper.swift in Sources */,
				871C851F2C332FDE00F20612 /* AppDelegate.swift in Sources */,
				87876E032C46BA1600B439E7 /* WildWanderMapViewDelegate.swift in Sources */,
				87B8D0752C4C8E47006858EE /* ListsTableView.swift in Sources */,
				8721055D2C4F5D8D0000C574 /* CompleteTrail.swift in Sources */,
				876A7A7B2C346DA30022B85E /* WildWanderMapView.swift in Sources */,
				87069EF92C4F225600F403DA /* LoaderView.swift in Sources */,
				87876E082C46BFC300B439E7 /* TrailAddable.swift in Sources */,
				8707C4DC2C4DD863009AA794 /* BoolResult.swift in Sources */,
				87876DE82C4435B900B439E7 /* UIStackView.swift in Sources */,
				87876DDD2C43359000B439E7 /* UISheetPresentationController.Detent.swift in Sources */,
				87876DE12C4431D500B439E7 /* UIButton.swift in Sources */,
				87876E1F2C4B2ABF00B439E7 /* CodeEntryViewModel.swift in Sources */,
				87069EF72C4EF37400F403DA /* UserDetails.swift in Sources */,
				87876E1D2C4B1DCF00B439E7 /* CodeEntryViewController.swift in Sources */,
				87B8D0782C4C903D006858EE /* ListsTableViewModel.swift in Sources */,
				876A7A6F2C3434A30022B85E /* EndPointCreator.swift in Sources */,
				87F0ED812C3DCE9A0092A756 /* MapStylePageViewController.swift in Sources */,
				8707C4DA2C4DCCB4009AA794 /* CreateList.swift in Sources */,
				87876E132C4ADB3900B439E7 /* ProfilePageViewController.swift in Sources */,
				87876E182C4B069C00B439E7 /* EmailEntryViewModel.swift in Sources */,
				87F0ED862C3F4C840092A756 /* WildWanderAlertView.swift in Sources */,
				87F0ED882C4151520092A756 /* TrailShownViewController.swift in Sources */,
				87876DEE2C45947100B439E7 /* String.swift in Sources */,
				87BF718C2C3C2EC800D120C0 /* SearchBarView.swift in Sources */,
				87876E112C47FBCA00B439E7 /* UILabel.swift in Sources */,
				87876E0F2C47FA6500B439E7 /* UITextField.swift in Sources */,
				87876E292C4B5B5900B439E7 /* RegisterUserInformation.swift in Sources */,
				87876E152C4B014300B439E7 /* EmailEntryViewController.swift in Sources */,
				87876DFC2C45EF7500B439E7 /* SearchPageViewController.swift in Sources */,
				87B8D0732C4C8AAF006858EE /* SavedPageViewController.swift in Sources */,
				87876DEC2C44B4DB00B439E7 /* NavigationInformationStackView.swift in Sources */,
				87876DFE2C45EF9900B439E7 /* SearchPageViewModel.swift in Sources */,
				8721055F2C4FE2C80000C574 /* TrailDetails.swift in Sources */,
				872105612C50133A0000C574 /* TrailShownViewModel.swift in Sources */,
				87F0ED912C41FB580092A756 /* ExplorePageViewModel.swift in Sources */,
				87B8D07C2C4C9AB9006858EE /* ListCell.swift in Sources */,
				87876DDB2C43356200B439E7 /* TabSheetPresentationController.swift in Sources */,
				8776E0262C4DCA86007D4F95 /* SavedPageViewModel.swift in Sources */,
				87BF71902C3C576400D120C0 /* ImageCarouselView.swift in Sources */,
				87876E2B2C4C161F00B439E7 /* EmailValidation.swift in Sources */,
				8776E0222C4D45FF007D4F95 /* SaveTrail.swift in Sources */,
				87F0ED972C4283350092A756 /* TrailsCell.swift in Sources */,
				87F0ED952C41FFE30092A756 /* TrailsViewViewModel.swift in Sources */,
				8776E0242C4D7C4D007D4F95 /* CreateAListView.swift in Sources */,
				87B8D07A2C4C95D2006858EE /* SavedList.swift in Sources */,
				87876DDF2C4335B000B439E7 /* UISheetPresentationController.Detent.Identifier.swift in Sources */,
				87876E272C4B52A000B439E7 /* InformationEntryViewModel.swift in Sources */,
				8776E01E2C4D42A1007D4F95 /* TrailsCellViewModel.swift in Sources */,
				87876E1A2C4B0DFE00B439E7 /* TextfieldAndTitleStackView.swift in Sources */,
				871C85212C332FDE00F20612 /* SceneDelegate.swift in Sources */,
			);
			runOnlyForDeploymentPostprocessing = 0;
		};
/* End PBXSourcesBuildPhase section */

/* Begin PBXVariantGroup section */
		871C85292C332FE000F20612 /* LaunchScreen.storyboard */ = {
			isa = PBXVariantGroup;
			children = (
				871C852A2C332FE000F20612 /* Base */,
			);
			name = LaunchScreen.storyboard;
			sourceTree = "<group>";
		};
/* End PBXVariantGroup section */

/* Begin XCBuildConfiguration section */
		871C852D2C332FE000F20612 /* Debug */ = {
			isa = XCBuildConfiguration;
			buildSettings = {
				ALWAYS_SEARCH_USER_PATHS = NO;
				ASSETCATALOG_COMPILER_GENERATE_SWIFT_ASSET_SYMBOL_EXTENSIONS = YES;
				CLANG_ANALYZER_NONNULL = YES;
				CLANG_ANALYZER_NUMBER_OBJECT_CONVERSION = YES_AGGRESSIVE;
				CLANG_CXX_LANGUAGE_STANDARD = "gnu++20";
				CLANG_ENABLE_MODULES = YES;
				CLANG_ENABLE_OBJC_ARC = YES;
				CLANG_ENABLE_OBJC_WEAK = YES;
				CLANG_WARN_BLOCK_CAPTURE_AUTORELEASING = YES;
				CLANG_WARN_BOOL_CONVERSION = YES;
				CLANG_WARN_COMMA = YES;
				CLANG_WARN_CONSTANT_CONVERSION = YES;
				CLANG_WARN_DEPRECATED_OBJC_IMPLEMENTATIONS = YES;
				CLANG_WARN_DIRECT_OBJC_ISA_USAGE = YES_ERROR;
				CLANG_WARN_DOCUMENTATION_COMMENTS = YES;
				CLANG_WARN_EMPTY_BODY = YES;
				CLANG_WARN_ENUM_CONVERSION = YES;
				CLANG_WARN_INFINITE_RECURSION = YES;
				CLANG_WARN_INT_CONVERSION = YES;
				CLANG_WARN_NON_LITERAL_NULL_CONVERSION = YES;
				CLANG_WARN_OBJC_IMPLICIT_RETAIN_SELF = YES;
				CLANG_WARN_OBJC_LITERAL_CONVERSION = YES;
				CLANG_WARN_OBJC_ROOT_CLASS = YES_ERROR;
				CLANG_WARN_QUOTED_INCLUDE_IN_FRAMEWORK_HEADER = YES;
				CLANG_WARN_RANGE_LOOP_ANALYSIS = YES;
				CLANG_WARN_STRICT_PROTOTYPES = YES;
				CLANG_WARN_SUSPICIOUS_MOVE = YES;
				CLANG_WARN_UNGUARDED_AVAILABILITY = YES_AGGRESSIVE;
				CLANG_WARN_UNREACHABLE_CODE = YES;
				CLANG_WARN__DUPLICATE_METHOD_MATCH = YES;
				COPY_PHASE_STRIP = NO;
				DEBUG_INFORMATION_FORMAT = dwarf;
				ENABLE_STRICT_OBJC_MSGSEND = YES;
				ENABLE_TESTABILITY = YES;
				ENABLE_USER_SCRIPT_SANDBOXING = YES;
				GCC_C_LANGUAGE_STANDARD = gnu17;
				GCC_DYNAMIC_NO_PIC = NO;
				GCC_NO_COMMON_BLOCKS = YES;
				GCC_OPTIMIZATION_LEVEL = 0;
				GCC_PREPROCESSOR_DEFINITIONS = (
					"DEBUG=1",
					"$(inherited)",
				);
				GCC_WARN_64_TO_32_BIT_CONVERSION = YES;
				GCC_WARN_ABOUT_RETURN_TYPE = YES_ERROR;
				GCC_WARN_UNDECLARED_SELECTOR = YES;
				GCC_WARN_UNINITIALIZED_AUTOS = YES_AGGRESSIVE;
				GCC_WARN_UNUSED_FUNCTION = YES;
				GCC_WARN_UNUSED_VARIABLE = YES;
				IPHONEOS_DEPLOYMENT_TARGET = 17.5;
				LOCALIZATION_PREFERS_STRING_CATALOGS = YES;
				MTL_ENABLE_DEBUG_INFO = INCLUDE_SOURCE;
				MTL_FAST_MATH = YES;
				ONLY_ACTIVE_ARCH = YES;
				SDKROOT = iphoneos;
				SWIFT_ACTIVE_COMPILATION_CONDITIONS = "DEBUG $(inherited)";
				SWIFT_OPTIMIZATION_LEVEL = "-Onone";
			};
			name = Debug;
		};
		871C852E2C332FE000F20612 /* Release */ = {
			isa = XCBuildConfiguration;
			buildSettings = {
				ALWAYS_SEARCH_USER_PATHS = NO;
				ASSETCATALOG_COMPILER_GENERATE_SWIFT_ASSET_SYMBOL_EXTENSIONS = YES;
				CLANG_ANALYZER_NONNULL = YES;
				CLANG_ANALYZER_NUMBER_OBJECT_CONVERSION = YES_AGGRESSIVE;
				CLANG_CXX_LANGUAGE_STANDARD = "gnu++20";
				CLANG_ENABLE_MODULES = YES;
				CLANG_ENABLE_OBJC_ARC = YES;
				CLANG_ENABLE_OBJC_WEAK = YES;
				CLANG_WARN_BLOCK_CAPTURE_AUTORELEASING = YES;
				CLANG_WARN_BOOL_CONVERSION = YES;
				CLANG_WARN_COMMA = YES;
				CLANG_WARN_CONSTANT_CONVERSION = YES;
				CLANG_WARN_DEPRECATED_OBJC_IMPLEMENTATIONS = YES;
				CLANG_WARN_DIRECT_OBJC_ISA_USAGE = YES_ERROR;
				CLANG_WARN_DOCUMENTATION_COMMENTS = YES;
				CLANG_WARN_EMPTY_BODY = YES;
				CLANG_WARN_ENUM_CONVERSION = YES;
				CLANG_WARN_INFINITE_RECURSION = YES;
				CLANG_WARN_INT_CONVERSION = YES;
				CLANG_WARN_NON_LITERAL_NULL_CONVERSION = YES;
				CLANG_WARN_OBJC_IMPLICIT_RETAIN_SELF = YES;
				CLANG_WARN_OBJC_LITERAL_CONVERSION = YES;
				CLANG_WARN_OBJC_ROOT_CLASS = YES_ERROR;
				CLANG_WARN_QUOTED_INCLUDE_IN_FRAMEWORK_HEADER = YES;
				CLANG_WARN_RANGE_LOOP_ANALYSIS = YES;
				CLANG_WARN_STRICT_PROTOTYPES = YES;
				CLANG_WARN_SUSPICIOUS_MOVE = YES;
				CLANG_WARN_UNGUARDED_AVAILABILITY = YES_AGGRESSIVE;
				CLANG_WARN_UNREACHABLE_CODE = YES;
				CLANG_WARN__DUPLICATE_METHOD_MATCH = YES;
				COPY_PHASE_STRIP = NO;
				DEBUG_INFORMATION_FORMAT = "dwarf-with-dsym";
				ENABLE_NS_ASSERTIONS = NO;
				ENABLE_STRICT_OBJC_MSGSEND = YES;
				ENABLE_USER_SCRIPT_SANDBOXING = YES;
				GCC_C_LANGUAGE_STANDARD = gnu17;
				GCC_NO_COMMON_BLOCKS = YES;
				GCC_WARN_64_TO_32_BIT_CONVERSION = YES;
				GCC_WARN_ABOUT_RETURN_TYPE = YES_ERROR;
				GCC_WARN_UNDECLARED_SELECTOR = YES;
				GCC_WARN_UNINITIALIZED_AUTOS = YES_AGGRESSIVE;
				GCC_WARN_UNUSED_FUNCTION = YES;
				GCC_WARN_UNUSED_VARIABLE = YES;
				IPHONEOS_DEPLOYMENT_TARGET = 17.5;
				LOCALIZATION_PREFERS_STRING_CATALOGS = YES;
				MTL_ENABLE_DEBUG_INFO = NO;
				MTL_FAST_MATH = YES;
				SDKROOT = iphoneos;
				SWIFT_COMPILATION_MODE = wholemodule;
				VALIDATE_PRODUCT = YES;
			};
			name = Release;
		};
		871C85302C332FE000F20612 /* Debug */ = {
			isa = XCBuildConfiguration;
			buildSettings = {
				ASSETCATALOG_COMPILER_APPICON_NAME = AppIcon;
				ASSETCATALOG_COMPILER_GLOBAL_ACCENT_COLOR_NAME = AccentColor;
				CODE_SIGN_STYLE = Automatic;
				CURRENT_PROJECT_VERSION = 1;
				DEVELOPMENT_TEAM = 3AD552Z95A;
				GENERATE_INFOPLIST_FILE = YES;
				INFOPLIST_FILE = "WildWander/Supporting Files/Info.plist";
				INFOPLIST_KEY_NSLocationWhenInUseUsageDescription = "In order to diplay your location on the map or to use navigation app needs access to your location";
				INFOPLIST_KEY_UIApplicationSupportsIndirectInputEvents = YES;
				INFOPLIST_KEY_UILaunchStoryboardName = LaunchScreen;
				INFOPLIST_KEY_UISupportedInterfaceOrientations = UIInterfaceOrientationPortrait;
				INFOPLIST_KEY_UISupportedInterfaceOrientations_iPad = "UIInterfaceOrientationLandscapeLeft UIInterfaceOrientationLandscapeRight UIInterfaceOrientationPortrait UIInterfaceOrientationPortraitUpsideDown";
				LD_RUNPATH_SEARCH_PATHS = (
					"$(inherited)",
					"@executable_path/Frameworks",
				);
				MARKETING_VERSION = 1.0;
				PRODUCT_BUNDLE_IDENTIFIER = ge.academy.WildWander;
				PRODUCT_NAME = "$(TARGET_NAME)";
				SWIFT_EMIT_LOC_STRINGS = YES;
				SWIFT_VERSION = 5.0;
				TARGETED_DEVICE_FAMILY = "1,2";
			};
			name = Debug;
		};
		871C85312C332FE000F20612 /* Release */ = {
			isa = XCBuildConfiguration;
			buildSettings = {
				ASSETCATALOG_COMPILER_APPICON_NAME = AppIcon;
				ASSETCATALOG_COMPILER_GLOBAL_ACCENT_COLOR_NAME = AccentColor;
				CODE_SIGN_STYLE = Automatic;
				CURRENT_PROJECT_VERSION = 1;
				DEVELOPMENT_TEAM = 3AD552Z95A;
				GENERATE_INFOPLIST_FILE = YES;
				INFOPLIST_FILE = "WildWander/Supporting Files/Info.plist";
				INFOPLIST_KEY_NSLocationWhenInUseUsageDescription = "In order to diplay your location on the map or to use navigation app needs access to your location";
				INFOPLIST_KEY_UIApplicationSupportsIndirectInputEvents = YES;
				INFOPLIST_KEY_UILaunchStoryboardName = LaunchScreen;
				INFOPLIST_KEY_UISupportedInterfaceOrientations = UIInterfaceOrientationPortrait;
				INFOPLIST_KEY_UISupportedInterfaceOrientations_iPad = "UIInterfaceOrientationLandscapeLeft UIInterfaceOrientationLandscapeRight UIInterfaceOrientationPortrait UIInterfaceOrientationPortraitUpsideDown";
				LD_RUNPATH_SEARCH_PATHS = (
					"$(inherited)",
					"@executable_path/Frameworks",
				);
				MARKETING_VERSION = 1.0;
				PRODUCT_BUNDLE_IDENTIFIER = ge.academy.WildWander;
				PRODUCT_NAME = "$(TARGET_NAME)";
				SWIFT_EMIT_LOC_STRINGS = YES;
				SWIFT_VERSION = 5.0;
				TARGETED_DEVICE_FAMILY = "1,2";
			};
			name = Release;
		};
/* End XCBuildConfiguration section */

/* Begin XCConfigurationList section */
		871C85162C332FDE00F20612 /* Build configuration list for PBXProject "WildWander" */ = {
			isa = XCConfigurationList;
			buildConfigurations = (
				871C852D2C332FE000F20612 /* Debug */,
				871C852E2C332FE000F20612 /* Release */,
			);
			defaultConfigurationIsVisible = 0;
			defaultConfigurationName = Release;
		};
		871C852F2C332FE000F20612 /* Build configuration list for PBXNativeTarget "WildWander" */ = {
			isa = XCConfigurationList;
			buildConfigurations = (
				871C85302C332FE000F20612 /* Debug */,
				871C85312C332FE000F20612 /* Release */,
			);
			defaultConfigurationIsVisible = 0;
			defaultConfigurationName = Release;
		};
/* End XCConfigurationList section */

/* Begin XCRemoteSwiftPackageReference section */
		876A7A702C3448250022B85E /* XCRemoteSwiftPackageReference "NetworkingService" */ = {
			isa = XCRemoteSwiftPackageReference;
			repositoryURL = "https://github.com/nuca01/NetworkingService";
			requirement = {
				branch = main;
				kind = branch;
			};
		};
		876A7A752C3468120022B85E /* XCRemoteSwiftPackageReference "mapbox-navigation-ios" */ = {
			isa = XCRemoteSwiftPackageReference;
			repositoryURL = "https://github.com/mapbox/mapbox-navigation-ios.git";
			requirement = {
				kind = upToNextMajorVersion;
				minimumVersion = 2.18.0;
			};
		};
/* End XCRemoteSwiftPackageReference section */

/* Begin XCSwiftPackageProductDependency section */
		876A7A712C3448250022B85E /* NetworkingService */ = {
			isa = XCSwiftPackageProductDependency;
			package = 876A7A702C3448250022B85E /* XCRemoteSwiftPackageReference "NetworkingService" */;
			productName = NetworkingService;
		};
		876A7A762C3468120022B85E /* MapboxCoreNavigation */ = {
			isa = XCSwiftPackageProductDependency;
			package = 876A7A752C3468120022B85E /* XCRemoteSwiftPackageReference "mapbox-navigation-ios" */;
			productName = MapboxCoreNavigation;
		};
		876A7A782C3468120022B85E /* MapboxNavigation */ = {
			isa = XCSwiftPackageProductDependency;
			package = 876A7A752C3468120022B85E /* XCRemoteSwiftPackageReference "mapbox-navigation-ios" */;
			productName = MapboxNavigation;
		};
/* End XCSwiftPackageProductDependency section */
	};
	rootObject = 871C85132C332FDE00F20612 /* Project object */;
}
