// !$*UTF8*$!
{
	archiveVersion = 1;
	classes = {
	};
	objectVersion = 56;
	objects = {

/* Begin PBXBuildFile section */
		871C851F2C332FDE00F20612 /* AppDelegate.swift in Sources */ = {isa = PBXBuildFile; fileRef = 871C851E2C332FDE00F20612 /* AppDelegate.swift */; };
		871C85212C332FDE00F20612 /* SceneDelegate.swift in Sources */ = {isa = PBXBuildFile; fileRef = 871C85202C332FDE00F20612 /* SceneDelegate.swift */; };
		871C85232C332FDE00F20612 /* ViewController.swift in Sources */ = {isa = PBXBuildFile; fileRef = 871C85222C332FDE00F20612 /* ViewController.swift */; };
		871C85282C332FE000F20612 /* Assets.xcassets in Resources */ = {isa = PBXBuildFile; fileRef = 871C85272C332FE000F20612 /* Assets.xcassets */; };
		871C852B2C332FE000F20612 /* Base in Resources */ = {isa = PBXBuildFile; fileRef = 871C852A2C332FE000F20612 /* Base */; };
/* End PBXBuildFile section */

/* Begin PBXFileReference section */
		871C851B2C332FDE00F20612 /* WildWander.app */ = {isa = PBXFileReference; explicitFileType = wrapper.application; includeInIndex = 0; path = WildWander.app; sourceTree = BUILT_PRODUCTS_DIR; };
		871C851E2C332FDE00F20612 /* AppDelegate.swift */ = {isa = PBXFileReference; lastKnownFileType = sourcecode.swift; path = AppDelegate.swift; sourceTree = "<group>"; };
		871C85202C332FDE00F20612 /* SceneDelegate.swift */ = {isa = PBXFileReference; lastKnownFileType = sourcecode.swift; path = SceneDelegate.swift; sourceTree = "<group>"; };
		871C85222C332FDE00F20612 /* ViewController.swift */ = {isa = PBXFileReference; lastKnownFileType = sourcecode.swift; path = ViewController.swift; sourceTree = "<group>"; };
		871C85272C332FE000F20612 /* Assets.xcassets */ = {isa = PBXFileReference; lastKnownFileType = folder.assetcatalog; path = Assets.xcassets; sourceTree = "<group>"; };
		871C852A2C332FE000F20612 /* Base */ = {isa = PBXFileReference; lastKnownFileType = file.storyboard; name = Base; path = Base.lproj/LaunchScreen.storyboard; sourceTree = "<group>"; };
		871C852C2C332FE000F20612 /* Info.plist */ = {isa = PBXFileReference; lastKnownFileType = text.plist.xml; path = Info.plist; sourceTree = "<group>"; };
/* End PBXFileReference section */

/* Begin PBXFrameworksBuildPhase section */
		871C85182C332FDE00F20612 /* Frameworks */ = {
			isa = PBXFrameworksBuildPhase;
			buildActionMask = 2147483647;
			files = (
			);
			runOnlyForDeploymentPostprocessing = 0;
		};
/* End PBXFrameworksBuildPhase section */

/* Begin PBXGroup section */
		871C85122C332FDE00F20612 = {
			isa = PBXGroup;
			children = (
				871C851D2C332FDE00F20612 /* WildWander */,
				871C851C2C332FDE00F20612 /* Products */,
			);
			sourceTree = "<group>";
		};
		871C851C2C332FDE00F20612 /* Products */ = {
			isa = PBXGroup;
			children = (
				871C851B2C332FDE00F20612 /* WildWander.app */,
			);
			name = Products;
			sourceTree = "<group>";
		};
		871C851D2C332FDE00F20612 /* WildWander */ = {
			isa = PBXGroup;
			children = (
				876A7A542C335EE20022B85E /* App */,
				876A7A582C335FC30022B85E /* Scenes */,
				876A7A552C335F0B0022B85E /* Resources */,
				876A7A562C335F1D0022B85E /* Supporting Files */,
				876A7A622C3364740022B85E /* Reusable Components */,
				876A7A632C3364970022B85E /* Networking */,
			);
			path = WildWander;
			sourceTree = "<group>";
		};
		876A7A542C335EE20022B85E /* App */ = {
			isa = PBXGroup;
			children = (
				871C851E2C332FDE00F20612 /* AppDelegate.swift */,
				871C85202C332FDE00F20612 /* SceneDelegate.swift */,
			);
			path = App;
			sourceTree = "<group>";
		};
		876A7A552C335F0B0022B85E /* Resources */ = {
			isa = PBXGroup;
			children = (
				871C85272C332FE000F20612 /* Assets.xcassets */,
			);
			path = Resources;
			sourceTree = "<group>";
		};
		876A7A562C335F1D0022B85E /* Supporting Files */ = {
			isa = PBXGroup;
			children = (
				876A7A572C335F280022B85E /* Launch */,
				871C852C2C332FE000F20612 /* Info.plist */,
			);
			path = "Supporting Files";
			sourceTree = "<group>";
		};
		876A7A572C335F280022B85E /* Launch */ = {
			isa = PBXGroup;
			children = (
				871C85292C332FE000F20612 /* LaunchScreen.storyboard */,
			);
			path = Launch;
			sourceTree = "<group>";
		};
		876A7A582C335FC30022B85E /* Scenes */ = {
			isa = PBXGroup;
			children = (
				876A7A5E2C33606B0022B85E /* Launch Page */,
				876A7A5F2C3360B10022B85E /* Login Page */,
				876A7A602C3360C30022B85E /* Sign Up Page */,
				876A7A592C335FFD0022B85E /* Explore Page */,
				876A7A5A2C3360160022B85E /* Navigate Page */,
				876A7A5C2C3360420022B85E /* Saved Page */,
				876A7A5B2C33602C0022B85E /* Profile Page */,
				876A7A5D2C33605D0022B85E /* Settings Page */,
			);
			path = Scenes;
			sourceTree = "<group>";
		};
		876A7A592C335FFD0022B85E /* Explore Page */ = {
			isa = PBXGroup;
			children = (
				871C85222C332FDE00F20612 /* ViewController.swift */,
			);
			path = "Explore Page";
			sourceTree = "<group>";
		};
		876A7A5A2C3360160022B85E /* Navigate Page */ = {
			isa = PBXGroup;
			children = (
			);
			path = "Navigate Page";
			sourceTree = "<group>";
		};
		876A7A5B2C33602C0022B85E /* Profile Page */ = {
			isa = PBXGroup;
			children = (
			);
			path = "Profile Page";
			sourceTree = "<group>";
		};
		876A7A5C2C3360420022B85E /* Saved Page */ = {
			isa = PBXGroup;
			children = (
			);
			path = "Saved Page";
			sourceTree = "<group>";
		};
		876A7A5D2C33605D0022B85E /* Settings Page */ = {
			isa = PBXGroup;
			children = (
			);
			path = "Settings Page";
			sourceTree = "<group>";
		};
		876A7A5E2C33606B0022B85E /* Launch Page */ = {
			isa = PBXGroup;
			children = (
			);
			path = "Launch Page";
			sourceTree = "<group>";
		};
		876A7A5F2C3360B10022B85E /* Login Page */ = {
			isa = PBXGroup;
			children = (
			);
			path = "Login Page";
			sourceTree = "<group>";
		};
		876A7A602C3360C30022B85E /* Sign Up Page */ = {
			isa = PBXGroup;
			children = (
			);
			path = "Sign Up Page";
			sourceTree = "<group>";
		};
		876A7A622C3364740022B85E /* Reusable Components */ = {
			isa = PBXGroup;
			children = (
			);
			path = "Reusable Components";
			sourceTree = "<group>";
		};
		876A7A632C3364970022B85E /* Networking */ = {
			isa = PBXGroup;
			children = (
			);
			path = Networking;
			sourceTree = "<group>";
		};
/* End PBXGroup section */

/* Begin PBXNativeTarget section */
		871C851A2C332FDE00F20612 /* WildWander */ = {
			isa = PBXNativeTarget;
			buildConfigurationList = 871C852F2C332FE000F20612 /* Build configuration list for PBXNativeTarget "WildWander" */;
			buildPhases = (
				871C85172C332FDE00F20612 /* Sources */,
				871C85182C332FDE00F20612 /* Frameworks */,
				871C85192C332FDE00F20612 /* Resources */,
			);
			buildRules = (
			);
			dependencies = (
			);
			name = WildWander;
			productName = WildWander;
			productReference = 871C851B2C332FDE00F20612 /* WildWander.app */;
			productType = "com.apple.product-type.application";
		};
/* End PBXNativeTarget section */

/* Begin PBXProject section */
		871C85132C332FDE00F20612 /* Project object */ = {
			isa = PBXProject;
			attributes = {
				BuildIndependentTargetsInParallel = 1;
				LastSwiftUpdateCheck = 1540;
				LastUpgradeCheck = 1540;
				TargetAttributes = {
					871C851A2C332FDE00F20612 = {
						CreatedOnToolsVersion = 15.4;
					};
				};
			};
			buildConfigurationList = 871C85162C332FDE00F20612 /* Build configuration list for PBXProject "WildWander" */;
			compatibilityVersion = "Xcode 14.0";
			developmentRegion = en;
			hasScannedForEncodings = 0;
			knownRegions = (
				en,
				Base,
			);
			mainGroup = 871C85122C332FDE00F20612;
			productRefGroup = 871C851C2C332FDE00F20612 /* Products */;
			projectDirPath = "";
			projectRoot = "";
			targets = (
				871C851A2C332FDE00F20612 /* WildWander */,
			);
		};
/* End PBXProject section */

/* Begin PBXResourcesBuildPhase section */
		871C85192C332FDE00F20612 /* Resources */ = {
			isa = PBXResourcesBuildPhase;
			buildActionMask = 2147483647;
			files = (
				871C85282C332FE000F20612 /* Assets.xcassets in Resources */,
				871C852B2C332FE000F20612 /* Base in Resources */,
			);
			runOnlyForDeploymentPostprocessing = 0;
		};
/* End PBXResourcesBuildPhase section */

/* Begin PBXSourcesBuildPhase section */
		871C85172C332FDE00F20612 /* Sources */ = {
			isa = PBXSourcesBuildPhase;
			buildActionMask = 2147483647;
			files = (
				871C85232C332FDE00F20612 /* ViewController.swift in Sources */,
				871C851F2C332FDE00F20612 /* AppDelegate.swift in Sources */,
				871C85212C332FDE00F20612 /* SceneDelegate.swift in Sources */,
			);
			runOnlyForDeploymentPostprocessing = 0;
		};
/* End PBXSourcesBuildPhase section */

/* Begin PBXVariantGroup section */
		871C85292C332FE000F20612 /* LaunchScreen.storyboard */ = {
			isa = PBXVariantGroup;
			children = (
				871C852A2C332FE000F20612 /* Base */,
			);
			name = LaunchScreen.storyboard;
			sourceTree = "<group>";
		};
/* End PBXVariantGroup section */

/* Begin XCBuildConfiguration section */
		871C852D2C332FE000F20612 /* Debug */ = {
			isa = XCBuildConfiguration;
			buildSettings = {
				ALWAYS_SEARCH_USER_PATHS = NO;
				ASSETCATALOG_COMPILER_GENERATE_SWIFT_ASSET_SYMBOL_EXTENSIONS = YES;
				CLANG_ANALYZER_NONNULL = YES;
				CLANG_ANALYZER_NUMBER_OBJECT_CONVERSION = YES_AGGRESSIVE;
				CLANG_CXX_LANGUAGE_STANDARD = "gnu++20";
				CLANG_ENABLE_MODULES = YES;
				CLANG_ENABLE_OBJC_ARC = YES;
				CLANG_ENABLE_OBJC_WEAK = YES;
				CLANG_WARN_BLOCK_CAPTURE_AUTORELEASING = YES;
				CLANG_WARN_BOOL_CONVERSION = YES;
				CLANG_WARN_COMMA = YES;
				CLANG_WARN_CONSTANT_CONVERSION = YES;
				CLANG_WARN_DEPRECATED_OBJC_IMPLEMENTATIONS = YES;
				CLANG_WARN_DIRECT_OBJC_ISA_USAGE = YES_ERROR;
				CLANG_WARN_DOCUMENTATION_COMMENTS = YES;
				CLANG_WARN_EMPTY_BODY = YES;
				CLANG_WARN_ENUM_CONVERSION = YES;
				CLANG_WARN_INFINITE_RECURSION = YES;
				CLANG_WARN_INT_CONVERSION = YES;
				CLANG_WARN_NON_LITERAL_NULL_CONVERSION = YES;
				CLANG_WARN_OBJC_IMPLICIT_RETAIN_SELF = YES;
				CLANG_WARN_OBJC_LITERAL_CONVERSION = YES;
				CLANG_WARN_OBJC_ROOT_CLASS = YES_ERROR;
				CLANG_WARN_QUOTED_INCLUDE_IN_FRAMEWORK_HEADER = YES;
				CLANG_WARN_RANGE_LOOP_ANALYSIS = YES;
				CLANG_WARN_STRICT_PROTOTYPES = YES;
				CLANG_WARN_SUSPICIOUS_MOVE = YES;
				CLANG_WARN_UNGUARDED_AVAILABILITY = YES_AGGRESSIVE;
				CLANG_WARN_UNREACHABLE_CODE = YES;
				CLANG_WARN__DUPLICATE_METHOD_MATCH = YES;
				COPY_PHASE_STRIP = NO;
				DEBUG_INFORMATION_FORMAT = dwarf;
				ENABLE_STRICT_OBJC_MSGSEND = YES;
				ENABLE_TESTABILITY = YES;
				ENABLE_USER_SCRIPT_SANDBOXING = YES;
				GCC_C_LANGUAGE_STANDARD = gnu17;
				GCC_DYNAMIC_NO_PIC = NO;
				GCC_NO_COMMON_BLOCKS = YES;
				GCC_OPTIMIZATION_LEVEL = 0;
				GCC_PREPROCESSOR_DEFINITIONS = (
					"DEBUG=1",
					"$(inherited)",
				);
				GCC_WARN_64_TO_32_BIT_CONVERSION = YES;
				GCC_WARN_ABOUT_RETURN_TYPE = YES_ERROR;
				GCC_WARN_UNDECLARED_SELECTOR = YES;
				GCC_WARN_UNINITIALIZED_AUTOS = YES_AGGRESSIVE;
				GCC_WARN_UNUSED_FUNCTION = YES;
				GCC_WARN_UNUSED_VARIABLE = YES;
				IPHONEOS_DEPLOYMENT_TARGET = 17.5;
				LOCALIZATION_PREFERS_STRING_CATALOGS = YES;
				MTL_ENABLE_DEBUG_INFO = INCLUDE_SOURCE;
				MTL_FAST_MATH = YES;
				ONLY_ACTIVE_ARCH = YES;
				SDKROOT = iphoneos;
				SWIFT_ACTIVE_COMPILATION_CONDITIONS = "DEBUG $(inherited)";
				SWIFT_OPTIMIZATION_LEVEL = "-Onone";
			};
			name = Debug;
		};
		871C852E2C332FE000F20612 /* Release */ = {
			isa = XCBuildConfiguration;
			buildSettings = {
				ALWAYS_SEARCH_USER_PATHS = NO;
				ASSETCATALOG_COMPILER_GENERATE_SWIFT_ASSET_SYMBOL_EXTENSIONS = YES;
				CLANG_ANALYZER_NONNULL = YES;
				CLANG_ANALYZER_NUMBER_OBJECT_CONVERSION = YES_AGGRESSIVE;
				CLANG_CXX_LANGUAGE_STANDARD = "gnu++20";
				CLANG_ENABLE_MODULES = YES;
				CLANG_ENABLE_OBJC_ARC = YES;
				CLANG_ENABLE_OBJC_WEAK = YES;
				CLANG_WARN_BLOCK_CAPTURE_AUTORELEASING = YES;
				CLANG_WARN_BOOL_CONVERSION = YES;
				CLANG_WARN_COMMA = YES;
				CLANG_WARN_CONSTANT_CONVERSION = YES;
				CLANG_WARN_DEPRECATED_OBJC_IMPLEMENTATIONS = YES;
				CLANG_WARN_DIRECT_OBJC_ISA_USAGE = YES_ERROR;
				CLANG_WARN_DOCUMENTATION_COMMENTS = YES;
				CLANG_WARN_EMPTY_BODY = YES;
				CLANG_WARN_ENUM_CONVERSION = YES;
				CLANG_WARN_INFINITE_RECURSION = YES;
				CLANG_WARN_INT_CONVERSION = YES;
				CLANG_WARN_NON_LITERAL_NULL_CONVERSION = YES;
				CLANG_WARN_OBJC_IMPLICIT_RETAIN_SELF = YES;
				CLANG_WARN_OBJC_LITERAL_CONVERSION = YES;
				CLANG_WARN_OBJC_ROOT_CLASS = YES_ERROR;
				CLANG_WARN_QUOTED_INCLUDE_IN_FRAMEWORK_HEADER = YES;
				CLANG_WARN_RANGE_LOOP_ANALYSIS = YES;
				CLANG_WARN_STRICT_PROTOTYPES = YES;
				CLANG_WARN_SUSPICIOUS_MOVE = YES;
				CLANG_WARN_UNGUARDED_AVAILABILITY = YES_AGGRESSIVE;
				CLANG_WARN_UNREACHABLE_CODE = YES;
				CLANG_WARN__DUPLICATE_METHOD_MATCH = YES;
				COPY_PHASE_STRIP = NO;
				DEBUG_INFORMATION_FORMAT = "dwarf-with-dsym";
				ENABLE_NS_ASSERTIONS = NO;
				ENABLE_STRICT_OBJC_MSGSEND = YES;
				ENABLE_USER_SCRIPT_SANDBOXING = YES;
				GCC_C_LANGUAGE_STANDARD = gnu17;
				GCC_NO_COMMON_BLOCKS = YES;
				GCC_WARN_64_TO_32_BIT_CONVERSION = YES;
				GCC_WARN_ABOUT_RETURN_TYPE = YES_ERROR;
				GCC_WARN_UNDECLARED_SELECTOR = YES;
				GCC_WARN_UNINITIALIZED_AUTOS = YES_AGGRESSIVE;
				GCC_WARN_UNUSED_FUNCTION = YES;
				GCC_WARN_UNUSED_VARIABLE = YES;
				IPHONEOS_DEPLOYMENT_TARGET = 17.5;
				LOCALIZATION_PREFERS_STRING_CATALOGS = YES;
				MTL_ENABLE_DEBUG_INFO = NO;
				MTL_FAST_MATH = YES;
				SDKROOT = iphoneos;
				SWIFT_COMPILATION_MODE = wholemodule;
				VALIDATE_PRODUCT = YES;
			};
			name = Release;
		};
		871C85302C332FE000F20612 /* Debug */ = {
			isa = XCBuildConfiguration;
			buildSettings = {
				ASSETCATALOG_COMPILER_APPICON_NAME = AppIcon;
				ASSETCATALOG_COMPILER_GLOBAL_ACCENT_COLOR_NAME = AccentColor;
				CODE_SIGN_STYLE = Automatic;
				CURRENT_PROJECT_VERSION = 1;
				DEVELOPMENT_TEAM = 3AD552Z95A;
				GENERATE_INFOPLIST_FILE = YES;
				INFOPLIST_FILE = "WildWander/Supporting Files/Info.plist";
				INFOPLIST_KEY_UIApplicationSupportsIndirectInputEvents = YES;
				INFOPLIST_KEY_UILaunchStoryboardName = LaunchScreen;
				INFOPLIST_KEY_UISupportedInterfaceOrientations_iPad = "UIInterfaceOrientationPortrait UIInterfaceOrientationPortraitUpsideDown UIInterfaceOrientationLandscapeLeft UIInterfaceOrientationLandscapeRight";
				INFOPLIST_KEY_UISupportedInterfaceOrientations_iPhone = "UIInterfaceOrientationPortrait UIInterfaceOrientationLandscapeLeft UIInterfaceOrientationLandscapeRight";
				LD_RUNPATH_SEARCH_PATHS = (
					"$(inherited)",
					"@executable_path/Frameworks",
				);
				MARKETING_VERSION = 1.0;
				PRODUCT_BUNDLE_IDENTIFIER = ge.academy.WildWander;
				PRODUCT_NAME = "$(TARGET_NAME)";
				SWIFT_EMIT_LOC_STRINGS = YES;
				SWIFT_VERSION = 5.0;
				TARGETED_DEVICE_FAMILY = "1,2";
			};
			name = Debug;
		};
		871C85312C332FE000F20612 /* Release */ = {
			isa = XCBuildConfiguration;
			buildSettings = {
				ASSETCATALOG_COMPILER_APPICON_NAME = AppIcon;
				ASSETCATALOG_COMPILER_GLOBAL_ACCENT_COLOR_NAME = AccentColor;
				CODE_SIGN_STYLE = Automatic;
				CURRENT_PROJECT_VERSION = 1;
				DEVELOPMENT_TEAM = 3AD552Z95A;
				GENERATE_INFOPLIST_FILE = YES;
				INFOPLIST_FILE = "WildWander/Supporting Files/Info.plist";
				INFOPLIST_KEY_UIApplicationSupportsIndirectInputEvents = YES;
				INFOPLIST_KEY_UILaunchStoryboardName = LaunchScreen;
				INFOPLIST_KEY_UISupportedInterfaceOrientations_iPad = "UIInterfaceOrientationPortrait UIInterfaceOrientationPortraitUpsideDown UIInterfaceOrientationLandscapeLeft UIInterfaceOrientationLandscapeRight";
				INFOPLIST_KEY_UISupportedInterfaceOrientations_iPhone = "UIInterfaceOrientationPortrait UIInterfaceOrientationLandscapeLeft UIInterfaceOrientationLandscapeRight";
				LD_RUNPATH_SEARCH_PATHS = (
					"$(inherited)",
					"@executable_path/Frameworks",
				);
				MARKETING_VERSION = 1.0;
				PRODUCT_BUNDLE_IDENTIFIER = ge.academy.WildWander;
				PRODUCT_NAME = "$(TARGET_NAME)";
				SWIFT_EMIT_LOC_STRINGS = YES;
				SWIFT_VERSION = 5.0;
				TARGETED_DEVICE_FAMILY = "1,2";
			};
			name = Release;
		};
/* End XCBuildConfiguration section */

/* Begin XCConfigurationList section */
		871C85162C332FDE00F20612 /* Build configuration list for PBXProject "WildWander" */ = {
			isa = XCConfigurationList;
			buildConfigurations = (
				871C852D2C332FE000F20612 /* Debug */,
				871C852E2C332FE000F20612 /* Release */,
			);
			defaultConfigurationIsVisible = 0;
			defaultConfigurationName = Release;
		};
		871C852F2C332FE000F20612 /* Build configuration list for PBXNativeTarget "WildWander" */ = {
			isa = XCConfigurationList;
			buildConfigurations = (
				871C85302C332FE000F20612 /* Debug */,
				871C85312C332FE000F20612 /* Release */,
			);
			defaultConfigurationIsVisible = 0;
			defaultConfigurationName = Release;
		};
/* End XCConfigurationList section */
	};
	rootObject = 871C85132C332FDE00F20612 /* Project object */;
}
